{
    "name": "nature-of-code",
    "version": "1.0.0",
    "lockfileVersion": 2,
    "requires": true,
    "packages": {
        "": {
            "name": "nature-of-code",
            "version": "1.0.0",
            "license": "ISC",
            "dependencies": {
                "@types/p5": "^1.4.3"
            }
        },
        "node_modules/@types/p5": {
            "version": "1.4.3",
            "resolved": "https://registry.npmjs.org/@types/p5/-/p5-1.4.3.tgz",
            "integrity": "sha512-UjgBi1/VU0Dz1/JxzRZrDKlC54rMELWW+6oHx1pRKzKkVgwzvP+dEjZ1JbeMjK12VJMUjDx4lhGUmnUL2jBASQ=="
        }
    },
    "dependencies": {
        "@types/p5": {
            "version": "1.4.3",
            "resolved": "https://registry.npmjs.org/@types/p5/-/p5-1.4.3.tgz",
            "integrity": "sha512-UjgBi1/VU0Dz1/JxzRZrDKlC54rMELWW+6oHx1pRKzKkVgwzvP+dEjZ1JbeMjK12VJMUjDx4lhGUmnUL2jBASQ=="
        }
    }
}
